# This file is automatically @generated by Cargo.
# It is not intended for manual editing.
version = 3

[[package]]
name = "allocator"
version = "0.1.0"
dependencies = [
 "bit_field",
]

[[package]]
name = "array-const-fn-init"
version = "0.1.1"
source = "registry+https://github.com/rust-lang/crates.io-index"
checksum = "8bcb85e548c05d407fa6faff46b750ba287714ef32afc0f5e15b4641ffd6affb"

[[package]]
name = "array-macro"
version = "2.1.8"
source = "registry+https://github.com/rust-lang/crates.io-index"
checksum = "220a2c618ab466efe41d0eace94dfeff1c35e3aa47891bdb95e1c0fefffd3c99"

[[package]]
name = "bit_field"
version = "0.10.2"
source = "registry+https://github.com/rust-lang/crates.io-index"
checksum = "dc827186963e592360843fb5ba4b973e145841266c1357f7180c43526f2e5b61"

[[package]]
name = "bitflags"
version = "1.3.2"
source = "registry+https://github.com/rust-lang/crates.io-index"
checksum = "bef38d45163c2f1dde094a7dfd33ccf595c92905c8f8f4fdc18d06fb1037718a"

[[package]]
name = "kernel"
version = "0.1.0"
dependencies = [
 "allocator",
 "array-const-fn-init",
 "array-macro",
 "bit_field",
 "bitflags",
 "lazy_static",
 "spin 0.5.2",
 "xmas-elf",
]

[[package]]
name = "lazy_static"
version = "1.5.0"
source = "registry+https://github.com/rust-lang/crates.io-index"
checksum = "bbd2bcb4c963f2ddae06a2efc7e9f3591312473c50c6685e1f298068316e66fe"
dependencies = [
 "spin 0.9.8",
]

[[package]]
name = "spin"
version = "0.5.2"
source = "registry+https://github.com/rust-lang/crates.io-index"
checksum = "6e63cff320ae2c57904679ba7cb63280a3dc4613885beafb148ee7bf9aa9042d"

[[package]]
name = "spin"
version = "0.9.8"
source = "registry+https://github.com/rust-lang/crates.io-index"
checksum = "6980e8d7511241f8acf4aebddbb1ff938df5eebe98691418c4468d0b72a96a67"

[[package]]
name = "xmas-elf"
version = "0.8.0"
source = "registry+https://github.com/rust-lang/crates.io-index"
checksum = "8d29b4d8e7beaceb4e77447ba941a7600d23d0319ab52da0461abea214832d5a"
dependencies = [
 "zero",
]

[[package]]
name = "xv6-rust"
version = "0.1.0"

[[package]]
name = "zero"
version = "0.1.3"
source = "registry+https://github.com/rust-lang/crates.io-index"
checksum = "2fe21bcc34ca7fe6dd56cc2cb1261ea59d6b93620215aefb5ea6032265527784"
